
Microsoft Visual Studio Solution File, Format Version 12.00
# Visual Studio Version 17
VisualStudioVersion = 17.14.36717.8 d17.14
MinimumVisualStudioVersion = 10.0.40219.1
Project("{FAE04EC0-301F-11D3-BF4B-00C04F79EFBC}") = "FormatDays", "FormatDays\FormatDays.csproj", "{5FEC1285-0B13-423D-AC96-A283ABDCA8F2}"
EndProject
Global
	GlobalSection(SolutionConfigurationPlatforms) = preSolution
		Debug|Any CPU = Debug|Any CPU
		Release|Any CPU = Release|Any CPU
	EndGlobalSection
	GlobalSection(ProjectConfigurationPlatforms) = postSolution
		{5FEC1285-0B13-423D-AC96-A283ABDCA8F2}.Debug|Any CPU.ActiveCfg = Debug|Any CPU
		{5FEC1285-0B13-423D-AC96-A283ABDCA8F2}.Debug|Any CPU.Build.0 = Debug|Any CPU
		{5FEC1285-0B13-423D-AC96-A283ABDCA8F2}.Release|Any CPU.ActiveCfg = Release|Any CPU
		{5FEC1285-0B13-423D-AC96-A283ABDCA8F2}.Release|Any CPU.Build.0 = Release|Any CPU
	EndGlobalSection
	GlobalSection(SolutionProperties) = preSolution
		HideSolutionNode = FALSE
	EndGlobalSection
	GlobalSection(ExtensibilityGlobals) = postSolution
		SolutionGuid = {73B0E635-CF33-4ABF-8EC6-2E61B974616F}
	EndGlobalSection
EndGlobal
