
Microsoft Visual Studio Solution File, Format Version 12.00
# Visual Studio Version 17
VisualStudioVersion = 17.14.36915.13 d17.14
MinimumVisualStudioVersion = 10.0.40219.1
Project("{FAE04EC0-301F-11D3-BF4B-00C04F79EFBC}") = "HappyTime", "HappyTime.csproj", "{A18D2A31-E641-4CED-8B0D-1DB97C709B97}"
EndProject
Project("{FAE04EC0-301F-11D3-BF4B-00C04F79EFBC}") = "Task01", "..\..\..\LessonsProjects\Lesson14\Task01\Task01.csproj", "{A8297942-B634-5914-F4E3-4CA66E714A8B}"
EndProject
Project("{FAE04EC0-301F-11D3-BF4B-00C04F79EFBC}") = "SubtractRow", "..\SubtractRow\SubtractRow.csproj", "{16538EFE-8A19-4021-9FCD-6677E17EC1B5}"
EndProject
Global
	GlobalSection(SolutionConfigurationPlatforms) = preSolution
		Debug|Any CPU = Debug|Any CPU
		Release|Any CPU = Release|Any CPU
	EndGlobalSection
	GlobalSection(ProjectConfigurationPlatforms) = postSolution
		{A18D2A31-E641-4CED-8B0D-1DB97C709B97}.Debug|Any CPU.ActiveCfg = Debug|Any CPU
		{A18D2A31-E641-4CED-8B0D-1DB97C709B97}.Debug|Any CPU.Build.0 = Debug|Any CPU
		{A18D2A31-E641-4CED-8B0D-1DB97C709B97}.Release|Any CPU.ActiveCfg = Release|Any CPU
		{A18D2A31-E641-4CED-8B0D-1DB97C709B97}.Release|Any CPU.Build.0 = Release|Any CPU
		{A8297942-B634-5914-F4E3-4CA66E714A8B}.Debug|Any CPU.ActiveCfg = Debug|Any CPU
		{A8297942-B634-5914-F4E3-4CA66E714A8B}.Debug|Any CPU.Build.0 = Debug|Any CPU
		{A8297942-B634-5914-F4E3-4CA66E714A8B}.Release|Any CPU.ActiveCfg = Release|Any CPU
		{A8297942-B634-5914-F4E3-4CA66E714A8B}.Release|Any CPU.Build.0 = Release|Any CPU
		{16538EFE-8A19-4021-9FCD-6677E17EC1B5}.Debug|Any CPU.ActiveCfg = Debug|Any CPU
		{16538EFE-8A19-4021-9FCD-6677E17EC1B5}.Debug|Any CPU.Build.0 = Debug|Any CPU
		{16538EFE-8A19-4021-9FCD-6677E17EC1B5}.Release|Any CPU.ActiveCfg = Release|Any CPU
		{16538EFE-8A19-4021-9FCD-6677E17EC1B5}.Release|Any CPU.Build.0 = Release|Any CPU
	EndGlobalSection
	GlobalSection(SolutionProperties) = preSolution
		HideSolutionNode = FALSE
	EndGlobalSection
	GlobalSection(ExtensibilityGlobals) = postSolution
		SolutionGuid = {1B65F0EB-861D-4BAF-B5A4-B3B55617BFB4}
	EndGlobalSection
EndGlobal
