
Microsoft Visual Studio Solution File, Format Version 12.00
# Visual Studio Version 17
VisualStudioVersion = 17.14.36717.8 d17.14
MinimumVisualStudioVersion = 10.0.40219.1
Project("{FAE04EC0-301F-11D3-BF4B-00C04F79EFBC}") = "WorkDayEnd", "WorkDayEnd\WorkDayEnd.csproj", "{EC5FE1E2-CFAF-409C-A348-6D6A70687F4C}"
EndProject
Global
	GlobalSection(SolutionConfigurationPlatforms) = preSolution
		Debug|Any CPU = Debug|Any CPU
		Release|Any CPU = Release|Any CPU
	EndGlobalSection
	GlobalSection(ProjectConfigurationPlatforms) = postSolution
		{EC5FE1E2-CFAF-409C-A348-6D6A70687F4C}.Debug|Any CPU.ActiveCfg = Debug|Any CPU
		{EC5FE1E2-CFAF-409C-A348-6D6A70687F4C}.Debug|Any CPU.Build.0 = Debug|Any CPU
		{EC5FE1E2-CFAF-409C-A348-6D6A70687F4C}.Release|Any CPU.ActiveCfg = Release|Any CPU
		{EC5FE1E2-CFAF-409C-A348-6D6A70687F4C}.Release|Any CPU.Build.0 = Release|Any CPU
	EndGlobalSection
	GlobalSection(SolutionProperties) = preSolution
		HideSolutionNode = FALSE
	EndGlobalSection
	GlobalSection(ExtensibilityGlobals) = postSolution
		SolutionGuid = {E201916B-3B0C-406C-8CE3-A1B299393072}
	EndGlobalSection
EndGlobal
