
Microsoft Visual Studio Solution File, Format Version 12.00
# Visual Studio Version 17
VisualStudioVersion = 17.14.36804.6 d17.14
MinimumVisualStudioVersion = 10.0.40219.1
Project("{FAE04EC0-301F-11D3-BF4B-00C04F79EFBC}") = "ArmsstrongNumber", "ArmsstrongNumber.csproj", "{F4B49BDB-89B0-4A9E-AFC7-AD18894A2C76}"
EndProject
Global
	GlobalSection(SolutionConfigurationPlatforms) = preSolution
		Debug|Any CPU = Debug|Any CPU
		Release|Any CPU = Release|Any CPU
	EndGlobalSection
	GlobalSection(ProjectConfigurationPlatforms) = postSolution
		{F4B49BDB-89B0-4A9E-AFC7-AD18894A2C76}.Debug|Any CPU.ActiveCfg = Debug|Any CPU
		{F4B49BDB-89B0-4A9E-AFC7-AD18894A2C76}.Debug|Any CPU.Build.0 = Debug|Any CPU
		{F4B49BDB-89B0-4A9E-AFC7-AD18894A2C76}.Release|Any CPU.ActiveCfg = Release|Any CPU
		{F4B49BDB-89B0-4A9E-AFC7-AD18894A2C76}.Release|Any CPU.Build.0 = Release|Any CPU
	EndGlobalSection
	GlobalSection(SolutionProperties) = preSolution
		HideSolutionNode = FALSE
	EndGlobalSection
	GlobalSection(ExtensibilityGlobals) = postSolution
		SolutionGuid = {C8DFA699-2B50-427C-AC31-EE546ED03776}
	EndGlobalSection
EndGlobal
