
Microsoft Visual Studio Solution File, Format Version 12.00
# Visual Studio Version 17
VisualStudioVersion = 17.14.36717.8 d17.14
MinimumVisualStudioVersion = 10.0.40219.1
Project("{FAE04EC0-301F-11D3-BF4B-00C04F79EFBC}") = "Lesson2FifteenGame3_12_2025", "Lesson2FifteenGame3_12_2025\Lesson2FifteenGame3_12_2025.csproj", "{DE57B957-78AB-4C48-8A77-B1594CF9FBB2}"
EndProject
Global
	GlobalSection(SolutionConfigurationPlatforms) = preSolution
		Debug|Any CPU = Debug|Any CPU
		Release|Any CPU = Release|Any CPU
	EndGlobalSection
	GlobalSection(ProjectConfigurationPlatforms) = postSolution
		{DE57B957-78AB-4C48-8A77-B1594CF9FBB2}.Debug|Any CPU.ActiveCfg = Debug|Any CPU
		{DE57B957-78AB-4C48-8A77-B1594CF9FBB2}.Debug|Any CPU.Build.0 = Debug|Any CPU
		{DE57B957-78AB-4C48-8A77-B1594CF9FBB2}.Release|Any CPU.ActiveCfg = Release|Any CPU
		{DE57B957-78AB-4C48-8A77-B1594CF9FBB2}.Release|Any CPU.Build.0 = Release|Any CPU
	EndGlobalSection
	GlobalSection(SolutionProperties) = preSolution
		HideSolutionNode = FALSE
	EndGlobalSection
	GlobalSection(ExtensibilityGlobals) = postSolution
		SolutionGuid = {2235B615-1B44-42F7-A5A5-F810841731D5}
	EndGlobalSection
EndGlobal
