
Microsoft Visual Studio Solution File, Format Version 12.00
# Visual Studio Version 17
VisualStudioVersion = 17.14.36915.13 d17.14
MinimumVisualStudioVersion = 10.0.40219.1
Project("{FAE04EC0-301F-11D3-BF4B-00C04F79EFBC}") = "Swapping", "Swapping.csproj", "{74391C7B-2358-49D8-BA50-BF52EF763961}"
EndProject
Project("{FAE04EC0-301F-11D3-BF4B-00C04F79EFBC}") = "Magic", "..\Magic\Magic.csproj", "{FCC18E15-60AF-4564-AEF6-F1EF88AAF1BB}"
EndProject
Project("{FAE04EC0-301F-11D3-BF4B-00C04F79EFBC}") = "Spiral", "..\Spiral\Spiral.csproj", "{03329AFF-652A-4118-9C67-72E60EB9702B}"
EndProject
Global
	GlobalSection(SolutionConfigurationPlatforms) = preSolution
		Debug|Any CPU = Debug|Any CPU
		Release|Any CPU = Release|Any CPU
	EndGlobalSection
	GlobalSection(ProjectConfigurationPlatforms) = postSolution
		{74391C7B-2358-49D8-BA50-BF52EF763961}.Debug|Any CPU.ActiveCfg = Debug|Any CPU
		{74391C7B-2358-49D8-BA50-BF52EF763961}.Debug|Any CPU.Build.0 = Debug|Any CPU
		{74391C7B-2358-49D8-BA50-BF52EF763961}.Release|Any CPU.ActiveCfg = Release|Any CPU
		{74391C7B-2358-49D8-BA50-BF52EF763961}.Release|Any CPU.Build.0 = Release|Any CPU
		{FCC18E15-60AF-4564-AEF6-F1EF88AAF1BB}.Debug|Any CPU.ActiveCfg = Debug|Any CPU
		{FCC18E15-60AF-4564-AEF6-F1EF88AAF1BB}.Debug|Any CPU.Build.0 = Debug|Any CPU
		{FCC18E15-60AF-4564-AEF6-F1EF88AAF1BB}.Release|Any CPU.ActiveCfg = Release|Any CPU
		{FCC18E15-60AF-4564-AEF6-F1EF88AAF1BB}.Release|Any CPU.Build.0 = Release|Any CPU
		{03329AFF-652A-4118-9C67-72E60EB9702B}.Debug|Any CPU.ActiveCfg = Debug|Any CPU
		{03329AFF-652A-4118-9C67-72E60EB9702B}.Debug|Any CPU.Build.0 = Debug|Any CPU
		{03329AFF-652A-4118-9C67-72E60EB9702B}.Release|Any CPU.ActiveCfg = Release|Any CPU
		{03329AFF-652A-4118-9C67-72E60EB9702B}.Release|Any CPU.Build.0 = Release|Any CPU
	EndGlobalSection
	GlobalSection(SolutionProperties) = preSolution
		HideSolutionNode = FALSE
	EndGlobalSection
	GlobalSection(ExtensibilityGlobals) = postSolution
		SolutionGuid = {61BC8C22-5061-4BEC-A4DC-05C62CFEEE6C}
	EndGlobalSection
EndGlobal
